
Microsoft Visual Studio Solution File, Format Version 12.00
# Visual Studio Version 17
VisualStudioVersion = 17.6.33723.286
MinimumVisualStudioVersion = 10.0.40219.1
Project("{9A19103F-16F7-4668-BE54-9A1E7A4F7556}") = "SocialMedia.Api", "SocialMedia.Api\SocialMedia.Api.csproj", "{A25096A7-F155-48B5-B631-4F7F81BA2A2A}"
EndProject
Project("{9A19103F-16F7-4668-BE54-9A1E7A4F7556}") = "SocialMedia.Core", "SocialMedia.Core\SocialMedia.Core.csproj", "{4882BF23-4C76-4407-A7A0-C7EEA639DEC9}"
EndProject
Project("{FAE04EC0-301F-11D3-BF4B-00C04F79EFBC}") = "SocialMedia.Infrastructure", "SocialMedia.Infrastructure\SocialMedia.Infrastructure.csproj", "{FC83ED61-AB80-4351-B1BC-790D10F7C264}"
EndProject
Project("{2150E333-8FDC-42A3-9474-1A3956D46DE8}") = "Tests", "Tests", "{24023FAE-DD19-4320-B507-3FD1122385EB}"
EndProject
Project("{FAE04EC0-301F-11D3-BF4B-00C04F79EFBC}") = "SocialMedia.UnitTests", "SocialMedia.UnitTests\SocialMedia.UnitTests.csproj", "{EFD9625E-C8BD-4EC9-AB7C-98F1F15B32BD}"
EndProject
Project("{FAE04EC0-301F-11D3-BF4B-00C04F79EFBC}") = "SocialMedia.IntegrationTests", "SocialMedia.IntegrationTests\SocialMedia.IntegrationTests.csproj", "{F37996E9-7940-4B6C-9BD3-7826E79F4408}"
EndProject
Global
	GlobalSection(SolutionConfigurationPlatforms) = preSolution
		Debug|Any CPU = Debug|Any CPU
		Release|Any CPU = Release|Any CPU
	EndGlobalSection
	GlobalSection(ProjectConfigurationPlatforms) = postSolution
		{A25096A7-F155-48B5-B631-4F7F81BA2A2A}.Debug|Any CPU.ActiveCfg = Debug|Any CPU
		{A25096A7-F155-48B5-B631-4F7F81BA2A2A}.Debug|Any CPU.Build.0 = Debug|Any CPU
		{A25096A7-F155-48B5-B631-4F7F81BA2A2A}.Release|Any CPU.ActiveCfg = Release|Any CPU
		{A25096A7-F155-48B5-B631-4F7F81BA2A2A}.Release|Any CPU.Build.0 = Release|Any CPU
		{4882BF23-4C76-4407-A7A0-C7EEA639DEC9}.Debug|Any CPU.ActiveCfg = Debug|Any CPU
		{4882BF23-4C76-4407-A7A0-C7EEA639DEC9}.Debug|Any CPU.Build.0 = Debug|Any CPU
		{4882BF23-4C76-4407-A7A0-C7EEA639DEC9}.Release|Any CPU.ActiveCfg = Release|Any CPU
		{4882BF23-4C76-4407-A7A0-C7EEA639DEC9}.Release|Any CPU.Build.0 = Release|Any CPU
		{FC83ED61-AB80-4351-B1BC-790D10F7C264}.Debug|Any CPU.ActiveCfg = Debug|Any CPU
		{FC83ED61-AB80-4351-B1BC-790D10F7C264}.Debug|Any CPU.Build.0 = Debug|Any CPU
		{FC83ED61-AB80-4351-B1BC-790D10F7C264}.Release|Any CPU.ActiveCfg = Release|Any CPU
		{FC83ED61-AB80-4351-B1BC-790D10F7C264}.Release|Any CPU.Build.0 = Release|Any CPU
		{EFD9625E-C8BD-4EC9-AB7C-98F1F15B32BD}.Debug|Any CPU.ActiveCfg = Debug|Any CPU
		{EFD9625E-C8BD-4EC9-AB7C-98F1F15B32BD}.Debug|Any CPU.Build.0 = Debug|Any CPU
		{EFD9625E-C8BD-4EC9-AB7C-98F1F15B32BD}.Release|Any CPU.ActiveCfg = Release|Any CPU
		{EFD9625E-C8BD-4EC9-AB7C-98F1F15B32BD}.Release|Any CPU.Build.0 = Release|Any CPU
		{F37996E9-7940-4B6C-9BD3-7826E79F4408}.Debug|Any CPU.ActiveCfg = Debug|Any CPU
		{F37996E9-7940-4B6C-9BD3-7826E79F4408}.Debug|Any CPU.Build.0 = Debug|Any CPU
		{F37996E9-7940-4B6C-9BD3-7826E79F4408}.Release|Any CPU.ActiveCfg = Release|Any CPU
		{F37996E9-7940-4B6C-9BD3-7826E79F4408}.Release|Any CPU.Build.0 = Release|Any CPU
	EndGlobalSection
	GlobalSection(SolutionProperties) = preSolution
		HideSolutionNode = FALSE
	EndGlobalSection
	GlobalSection(NestedProjects) = preSolution
		{EFD9625E-C8BD-4EC9-AB7C-98F1F15B32BD} = {24023FAE-DD19-4320-B507-3FD1122385EB}
		{F37996E9-7940-4B6C-9BD3-7826E79F4408} = {24023FAE-DD19-4320-B507-3FD1122385EB}
	EndGlobalSection
	GlobalSection(ExtensibilityGlobals) = postSolution
		SolutionGuid = {C93EAD14-1A40-4E26-8F20-01BC1CBE7F3A}
	EndGlobalSection
EndGlobal
